
Microsoft Visual Studio Solution File, Format Version 12.00
# Visual Studio Version 16
VisualStudioVersion = 16.0.30523.141
MinimumVisualStudioVersion = 10.0.40219.1
Project("{FAE04EC0-301F-11D3-BF4B-00C04F79EFBC}") = "HomeworkCalculator", "HomeworkCalculator\HomeworkCalculator.csproj", "{99E8984F-A614-4DB6-B777-A1EF8467981D}"
EndProject
Global
	GlobalSection(SolutionConfigurationPlatforms) = preSolution
		Debug|Any CPU = Debug|Any CPU
		Release|Any CPU = Release|Any CPU
	EndGlobalSection
	GlobalSection(ProjectConfigurationPlatforms) = postSolution
		{99E8984F-A614-4DB6-B777-A1EF8467981D}.Debug|Any CPU.ActiveCfg = Debug|Any CPU
		{99E8984F-A614-4DB6-B777-A1EF8467981D}.Debug|Any CPU.Build.0 = Debug|Any CPU
		{99E8984F-A614-4DB6-B777-A1EF8467981D}.Release|Any CPU.ActiveCfg = Release|Any CPU
		{99E8984F-A614-4DB6-B777-A1EF8467981D}.Release|Any CPU.Build.0 = Release|Any CPU
	EndGlobalSection
	GlobalSection(SolutionProperties) = preSolution
		HideSolutionNode = FALSE
	EndGlobalSection
	GlobalSection(ExtensibilityGlobals) = postSolution
		SolutionGuid = {386A56C3-BDC3-4B11-83B3-4E3D8DBF58F8}
	EndGlobalSection
EndGlobal
